
Microsoft Visual Studio Solution File, Format Version 11.00
# Visual Studio 2010
Project("{FAE04EC0-301F-11D3-BF4B-00C04F79EFBC}") = "Chelab.AX2009.BC", "Chelab.AX2009.BC\Chelab.AX2009.BC.csproj", "{A5D2A503-7DAE-4830-8F0D-D361AE946208}"
EndProject
Project("{FAE04EC0-301F-11D3-BF4B-00C04F79EFBC}") = "Chelab.AX2009.Configuration", "Chelab.AX2009.Configuration\Chelab.AX2009.Configuration.csproj", "{91BE0F1E-BFB2-4D3B-81A1-1F3D11F75C82}"
EndProject
Project("{FAE04EC0-301F-11D3-BF4B-00C04F79EFBC}") = "Chelab.AX2009.WebApp.Test", "Chelab.AX2009.WebApp.Test\Chelab.AX2009.WebApp.Test.csproj", "{41154B18-9D44-474F-BB29-C1AD8EC8A9C6}"
EndProject
Project("{FAE04EC0-301F-11D3-BF4B-00C04F79EFBC}") = "Chelab.AX2009.WS", "Chelab.AX2009.WS\Chelab.AX2009.WS.csproj", "{B4923973-B758-4F25-861D-5B1DAC5846CE}"
EndProject
Project("{FAE04EC0-301F-11D3-BF4B-00C04F79EFBC}") = "AxQuery", "CRUD\AxQuery.csproj", "{C3005B2A-A0F9-46C2-8875-C1810BD191E2}"
EndProject
Project("{FAE04EC0-301F-11D3-BF4B-00C04F79EFBC}") = "BusinessLogic", "BusinessLogic\BusinessLogic.csproj", "{160C70F5-18D0-487A-AE92-250566FDBEB5}"
EndProject
Project("{FAE04EC0-301F-11D3-BF4B-00C04F79EFBC}") = "ReadResultTable", "ReadResultTable\ReadResultTable.csproj", "{68215EE4-22C2-4936-B384-7B9FC2E5C847}"
EndProject
Project("{FAE04EC0-301F-11D3-BF4B-00C04F79EFBC}") = "CallAxMethod", "getResultTable\CallAxMethod.csproj", "{3B1D8A29-2AC6-40A2-89FB-D0A0D8185E67}"
EndProject
Project("{FAE04EC0-301F-11D3-BF4B-00C04F79EFBC}") = "AxRest", "AxRest\AxRest.csproj", "{34490C6F-AFF9-4A4E-8F42-B8D2CBCC4CAB}"
EndProject
Project("{FAE04EC0-301F-11D3-BF4B-00C04F79EFBC}") = "AxRest.AddressState.ServiceInterface", "AxRest.AddressState.ServiceInterface\AxRest.AddressState.ServiceInterface.csproj", "{27D0F405-4CD2-4D8F-98A4-0930E7FDCCDD}"
EndProject
Project("{FAE04EC0-301F-11D3-BF4B-00C04F79EFBC}") = "AxRest.AddressState.ServiceModel", "AxRest.AddressState.ServiceModel\AxRest.AddressState.ServiceModel.csproj", "{B7271D2C-F14D-4B4D-9CBE-A19D4E664FD0}"
EndProject
Project("{FAE04EC0-301F-11D3-BF4B-00C04F79EFBC}") = "AxRest.AddressState.Axapta", "AxRest.AddressState.Axapta\AxRest.AddressState.Axapta.csproj", "{50C64419-9298-401D-B9ED-314013D68A6A}"
EndProject
Global
	GlobalSection(SolutionConfigurationPlatforms) = preSolution
		Debug|Any CPU = Debug|Any CPU
		Debug|Mixed Platforms = Debug|Mixed Platforms
		Debug|x86 = Debug|x86
		Release|Any CPU = Release|Any CPU
		Release|Mixed Platforms = Release|Mixed Platforms
		Release|x86 = Release|x86
	EndGlobalSection
	GlobalSection(ProjectConfigurationPlatforms) = postSolution
		{A5D2A503-7DAE-4830-8F0D-D361AE946208}.Debug|Any CPU.ActiveCfg = Debug|Any CPU
		{A5D2A503-7DAE-4830-8F0D-D361AE946208}.Debug|Any CPU.Build.0 = Debug|Any CPU
		{A5D2A503-7DAE-4830-8F0D-D361AE946208}.Debug|Mixed Platforms.ActiveCfg = Debug|Any CPU
		{A5D2A503-7DAE-4830-8F0D-D361AE946208}.Debug|Mixed Platforms.Build.0 = Debug|Any CPU
		{A5D2A503-7DAE-4830-8F0D-D361AE946208}.Debug|x86.ActiveCfg = Debug|Any CPU
		{A5D2A503-7DAE-4830-8F0D-D361AE946208}.Release|Any CPU.ActiveCfg = Release|Any CPU
		{A5D2A503-7DAE-4830-8F0D-D361AE946208}.Release|Any CPU.Build.0 = Release|Any CPU
		{A5D2A503-7DAE-4830-8F0D-D361AE946208}.Release|Mixed Platforms.ActiveCfg = Release|Any CPU
		{A5D2A503-7DAE-4830-8F0D-D361AE946208}.Release|Mixed Platforms.Build.0 = Release|Any CPU
		{A5D2A503-7DAE-4830-8F0D-D361AE946208}.Release|x86.ActiveCfg = Release|Any CPU
		{91BE0F1E-BFB2-4D3B-81A1-1F3D11F75C82}.Debug|Any CPU.ActiveCfg = Debug|Any CPU
		{91BE0F1E-BFB2-4D3B-81A1-1F3D11F75C82}.Debug|Any CPU.Build.0 = Debug|Any CPU
		{91BE0F1E-BFB2-4D3B-81A1-1F3D11F75C82}.Debug|Mixed Platforms.ActiveCfg = Debug|Any CPU
		{91BE0F1E-BFB2-4D3B-81A1-1F3D11F75C82}.Debug|Mixed Platforms.Build.0 = Debug|Any CPU
		{91BE0F1E-BFB2-4D3B-81A1-1F3D11F75C82}.Debug|x86.ActiveCfg = Debug|Any CPU
		{91BE0F1E-BFB2-4D3B-81A1-1F3D11F75C82}.Release|Any CPU.ActiveCfg = Release|Any CPU
		{91BE0F1E-BFB2-4D3B-81A1-1F3D11F75C82}.Release|Any CPU.Build.0 = Release|Any CPU
		{91BE0F1E-BFB2-4D3B-81A1-1F3D11F75C82}.Release|Mixed Platforms.ActiveCfg = Release|Any CPU
		{91BE0F1E-BFB2-4D3B-81A1-1F3D11F75C82}.Release|Mixed Platforms.Build.0 = Release|Any CPU
		{91BE0F1E-BFB2-4D3B-81A1-1F3D11F75C82}.Release|x86.ActiveCfg = Release|Any CPU
		{41154B18-9D44-474F-BB29-C1AD8EC8A9C6}.Debug|Any CPU.ActiveCfg = Debug|Any CPU
		{41154B18-9D44-474F-BB29-C1AD8EC8A9C6}.Debug|Any CPU.Build.0 = Debug|Any CPU
		{41154B18-9D44-474F-BB29-C1AD8EC8A9C6}.Debug|Mixed Platforms.ActiveCfg = Debug|Any CPU
		{41154B18-9D44-474F-BB29-C1AD8EC8A9C6}.Debug|Mixed Platforms.Build.0 = Debug|Any CPU
		{41154B18-9D44-474F-BB29-C1AD8EC8A9C6}.Debug|x86.ActiveCfg = Debug|Any CPU
		{41154B18-9D44-474F-BB29-C1AD8EC8A9C6}.Release|Any CPU.ActiveCfg = Release|Any CPU
		{41154B18-9D44-474F-BB29-C1AD8EC8A9C6}.Release|Any CPU.Build.0 = Release|Any CPU
		{41154B18-9D44-474F-BB29-C1AD8EC8A9C6}.Release|Mixed Platforms.ActiveCfg = Release|Any CPU
		{41154B18-9D44-474F-BB29-C1AD8EC8A9C6}.Release|Mixed Platforms.Build.0 = Release|Any CPU
		{41154B18-9D44-474F-BB29-C1AD8EC8A9C6}.Release|x86.ActiveCfg = Release|Any CPU
		{B4923973-B758-4F25-861D-5B1DAC5846CE}.Debug|Any CPU.ActiveCfg = Debug|Any CPU
		{B4923973-B758-4F25-861D-5B1DAC5846CE}.Debug|Any CPU.Build.0 = Debug|Any CPU
		{B4923973-B758-4F25-861D-5B1DAC5846CE}.Debug|Mixed Platforms.ActiveCfg = Debug|Any CPU
		{B4923973-B758-4F25-861D-5B1DAC5846CE}.Debug|Mixed Platforms.Build.0 = Debug|Any CPU
		{B4923973-B758-4F25-861D-5B1DAC5846CE}.Debug|x86.ActiveCfg = Debug|Any CPU
		{B4923973-B758-4F25-861D-5B1DAC5846CE}.Release|Any CPU.ActiveCfg = Release|Any CPU
		{B4923973-B758-4F25-861D-5B1DAC5846CE}.Release|Any CPU.Build.0 = Release|Any CPU
		{B4923973-B758-4F25-861D-5B1DAC5846CE}.Release|Mixed Platforms.ActiveCfg = Release|Any CPU
		{B4923973-B758-4F25-861D-5B1DAC5846CE}.Release|Mixed Platforms.Build.0 = Release|Any CPU
		{B4923973-B758-4F25-861D-5B1DAC5846CE}.Release|x86.ActiveCfg = Release|Any CPU
		{C3005B2A-A0F9-46C2-8875-C1810BD191E2}.Debug|Any CPU.ActiveCfg = Debug|x86
		{C3005B2A-A0F9-46C2-8875-C1810BD191E2}.Debug|Mixed Platforms.ActiveCfg = Debug|x86
		{C3005B2A-A0F9-46C2-8875-C1810BD191E2}.Debug|Mixed Platforms.Build.0 = Debug|x86
		{C3005B2A-A0F9-46C2-8875-C1810BD191E2}.Debug|x86.ActiveCfg = Debug|x86
		{C3005B2A-A0F9-46C2-8875-C1810BD191E2}.Debug|x86.Build.0 = Debug|x86
		{C3005B2A-A0F9-46C2-8875-C1810BD191E2}.Release|Any CPU.ActiveCfg = Release|x86
		{C3005B2A-A0F9-46C2-8875-C1810BD191E2}.Release|Mixed Platforms.ActiveCfg = Release|x86
		{C3005B2A-A0F9-46C2-8875-C1810BD191E2}.Release|Mixed Platforms.Build.0 = Release|x86
		{C3005B2A-A0F9-46C2-8875-C1810BD191E2}.Release|x86.ActiveCfg = Release|x86
		{C3005B2A-A0F9-46C2-8875-C1810BD191E2}.Release|x86.Build.0 = Release|x86
		{160C70F5-18D0-487A-AE92-250566FDBEB5}.Debug|Any CPU.ActiveCfg = Debug|x86
		{160C70F5-18D0-487A-AE92-250566FDBEB5}.Debug|Mixed Platforms.ActiveCfg = Debug|x86
		{160C70F5-18D0-487A-AE92-250566FDBEB5}.Debug|Mixed Platforms.Build.0 = Debug|x86
		{160C70F5-18D0-487A-AE92-250566FDBEB5}.Debug|x86.ActiveCfg = Debug|x86
		{160C70F5-18D0-487A-AE92-250566FDBEB5}.Debug|x86.Build.0 = Debug|x86
		{160C70F5-18D0-487A-AE92-250566FDBEB5}.Release|Any CPU.ActiveCfg = Release|x86
		{160C70F5-18D0-487A-AE92-250566FDBEB5}.Release|Mixed Platforms.ActiveCfg = Release|x86
		{160C70F5-18D0-487A-AE92-250566FDBEB5}.Release|Mixed Platforms.Build.0 = Release|x86
		{160C70F5-18D0-487A-AE92-250566FDBEB5}.Release|x86.ActiveCfg = Release|x86
		{160C70F5-18D0-487A-AE92-250566FDBEB5}.Release|x86.Build.0 = Release|x86
		{68215EE4-22C2-4936-B384-7B9FC2E5C847}.Debug|Any CPU.ActiveCfg = Debug|x86
		{68215EE4-22C2-4936-B384-7B9FC2E5C847}.Debug|Mixed Platforms.ActiveCfg = Debug|x86
		{68215EE4-22C2-4936-B384-7B9FC2E5C847}.Debug|Mixed Platforms.Build.0 = Debug|x86
		{68215EE4-22C2-4936-B384-7B9FC2E5C847}.Debug|x86.ActiveCfg = Debug|x86
		{68215EE4-22C2-4936-B384-7B9FC2E5C847}.Debug|x86.Build.0 = Debug|x86
		{68215EE4-22C2-4936-B384-7B9FC2E5C847}.Release|Any CPU.ActiveCfg = Release|x86
		{68215EE4-22C2-4936-B384-7B9FC2E5C847}.Release|Mixed Platforms.ActiveCfg = Release|x86
		{68215EE4-22C2-4936-B384-7B9FC2E5C847}.Release|Mixed Platforms.Build.0 = Release|x86
		{68215EE4-22C2-4936-B384-7B9FC2E5C847}.Release|x86.ActiveCfg = Release|x86
		{68215EE4-22C2-4936-B384-7B9FC2E5C847}.Release|x86.Build.0 = Release|x86
		{3B1D8A29-2AC6-40A2-89FB-D0A0D8185E67}.Debug|Any CPU.ActiveCfg = Debug|x86
		{3B1D8A29-2AC6-40A2-89FB-D0A0D8185E67}.Debug|Mixed Platforms.ActiveCfg = Debug|x86
		{3B1D8A29-2AC6-40A2-89FB-D0A0D8185E67}.Debug|Mixed Platforms.Build.0 = Debug|x86
		{3B1D8A29-2AC6-40A2-89FB-D0A0D8185E67}.Debug|x86.ActiveCfg = Debug|x86
		{3B1D8A29-2AC6-40A2-89FB-D0A0D8185E67}.Debug|x86.Build.0 = Debug|x86
		{3B1D8A29-2AC6-40A2-89FB-D0A0D8185E67}.Release|Any CPU.ActiveCfg = Release|x86
		{3B1D8A29-2AC6-40A2-89FB-D0A0D8185E67}.Release|Mixed Platforms.ActiveCfg = Release|x86
		{3B1D8A29-2AC6-40A2-89FB-D0A0D8185E67}.Release|Mixed Platforms.Build.0 = Release|x86
		{3B1D8A29-2AC6-40A2-89FB-D0A0D8185E67}.Release|x86.ActiveCfg = Release|x86
		{3B1D8A29-2AC6-40A2-89FB-D0A0D8185E67}.Release|x86.Build.0 = Release|x86
		{34490C6F-AFF9-4A4E-8F42-B8D2CBCC4CAB}.Debug|Any CPU.ActiveCfg = Debug|Any CPU
		{34490C6F-AFF9-4A4E-8F42-B8D2CBCC4CAB}.Debug|Any CPU.Build.0 = Debug|Any CPU
		{34490C6F-AFF9-4A4E-8F42-B8D2CBCC4CAB}.Debug|Mixed Platforms.ActiveCfg = Debug|Any CPU
		{34490C6F-AFF9-4A4E-8F42-B8D2CBCC4CAB}.Debug|Mixed Platforms.Build.0 = Debug|Any CPU
		{34490C6F-AFF9-4A4E-8F42-B8D2CBCC4CAB}.Debug|x86.ActiveCfg = Debug|Any CPU
		{34490C6F-AFF9-4A4E-8F42-B8D2CBCC4CAB}.Release|Any CPU.ActiveCfg = Release|Any CPU
		{34490C6F-AFF9-4A4E-8F42-B8D2CBCC4CAB}.Release|Any CPU.Build.0 = Release|Any CPU
		{34490C6F-AFF9-4A4E-8F42-B8D2CBCC4CAB}.Release|Mixed Platforms.ActiveCfg = Release|Any CPU
		{34490C6F-AFF9-4A4E-8F42-B8D2CBCC4CAB}.Release|Mixed Platforms.Build.0 = Release|Any CPU
		{34490C6F-AFF9-4A4E-8F42-B8D2CBCC4CAB}.Release|x86.ActiveCfg = Release|Any CPU
		{27D0F405-4CD2-4D8F-98A4-0930E7FDCCDD}.Debug|Any CPU.ActiveCfg = Debug|Any CPU
		{27D0F405-4CD2-4D8F-98A4-0930E7FDCCDD}.Debug|Any CPU.Build.0 = Debug|Any CPU
		{27D0F405-4CD2-4D8F-98A4-0930E7FDCCDD}.Debug|Mixed Platforms.ActiveCfg = Debug|Any CPU
		{27D0F405-4CD2-4D8F-98A4-0930E7FDCCDD}.Debug|Mixed Platforms.Build.0 = Debug|Any CPU
		{27D0F405-4CD2-4D8F-98A4-0930E7FDCCDD}.Debug|x86.ActiveCfg = Debug|Any CPU
		{27D0F405-4CD2-4D8F-98A4-0930E7FDCCDD}.Release|Any CPU.ActiveCfg = Release|Any CPU
		{27D0F405-4CD2-4D8F-98A4-0930E7FDCCDD}.Release|Any CPU.Build.0 = Release|Any CPU
		{27D0F405-4CD2-4D8F-98A4-0930E7FDCCDD}.Release|Mixed Platforms.ActiveCfg = Release|Any CPU
		{27D0F405-4CD2-4D8F-98A4-0930E7FDCCDD}.Release|Mixed Platforms.Build.0 = Release|Any CPU
		{27D0F405-4CD2-4D8F-98A4-0930E7FDCCDD}.Release|x86.ActiveCfg = Release|Any CPU
		{B7271D2C-F14D-4B4D-9CBE-A19D4E664FD0}.Debug|Any CPU.ActiveCfg = Debug|Any CPU
		{B7271D2C-F14D-4B4D-9CBE-A19D4E664FD0}.Debug|Any CPU.Build.0 = Debug|Any CPU
		{B7271D2C-F14D-4B4D-9CBE-A19D4E664FD0}.Debug|Mixed Platforms.ActiveCfg = Debug|Any CPU
		{B7271D2C-F14D-4B4D-9CBE-A19D4E664FD0}.Debug|Mixed Platforms.Build.0 = Debug|Any CPU
		{B7271D2C-F14D-4B4D-9CBE-A19D4E664FD0}.Debug|x86.ActiveCfg = Debug|Any CPU
		{B7271D2C-F14D-4B4D-9CBE-A19D4E664FD0}.Release|Any CPU.ActiveCfg = Release|Any CPU
		{B7271D2C-F14D-4B4D-9CBE-A19D4E664FD0}.Release|Any CPU.Build.0 = Release|Any CPU
		{B7271D2C-F14D-4B4D-9CBE-A19D4E664FD0}.Release|Mixed Platforms.ActiveCfg = Release|Any CPU
		{B7271D2C-F14D-4B4D-9CBE-A19D4E664FD0}.Release|Mixed Platforms.Build.0 = Release|Any CPU
		{B7271D2C-F14D-4B4D-9CBE-A19D4E664FD0}.Release|x86.ActiveCfg = Release|Any CPU
		{50C64419-9298-401D-B9ED-314013D68A6A}.Debug|Any CPU.ActiveCfg = Debug|Any CPU
		{50C64419-9298-401D-B9ED-314013D68A6A}.Debug|Any CPU.Build.0 = Debug|Any CPU
		{50C64419-9298-401D-B9ED-314013D68A6A}.Debug|Mixed Platforms.ActiveCfg = Debug|Any CPU
		{50C64419-9298-401D-B9ED-314013D68A6A}.Debug|Mixed Platforms.Build.0 = Debug|Any CPU
		{50C64419-9298-401D-B9ED-314013D68A6A}.Debug|x86.ActiveCfg = Debug|Any CPU
		{50C64419-9298-401D-B9ED-314013D68A6A}.Release|Any CPU.ActiveCfg = Release|Any CPU
		{50C64419-9298-401D-B9ED-314013D68A6A}.Release|Any CPU.Build.0 = Release|Any CPU
		{50C64419-9298-401D-B9ED-314013D68A6A}.Release|Mixed Platforms.ActiveCfg = Release|Any CPU
		{50C64419-9298-401D-B9ED-314013D68A6A}.Release|Mixed Platforms.Build.0 = Release|Any CPU
		{50C64419-9298-401D-B9ED-314013D68A6A}.Release|x86.ActiveCfg = Release|Any CPU
	EndGlobalSection
	GlobalSection(SolutionProperties) = preSolution
		HideSolutionNode = FALSE
	EndGlobalSection
EndGlobal
