
Microsoft Visual Studio Solution File, Format Version 10.00
# Visual Studio 2008
Project("{FAE04EC0-301F-11D3-BF4B-00C04F79EFBC}") = "Chelab.AX2009.BC", "Chelab.AX2009.BC.csproj", "{A5D2A503-7DAE-4830-8F0D-D361AE946208}"
EndProject
Global
	GlobalSection(SolutionConfigurationPlatforms) = preSolution
		Debug|Any CPU = Debug|Any CPU
		Release|Any CPU = Release|Any CPU
	EndGlobalSection
	GlobalSection(ProjectConfigurationPlatforms) = postSolution
		{A5D2A503-7DAE-4830-8F0D-D361AE946208}.Debug|Any CPU.ActiveCfg = Debug|Any CPU
		{A5D2A503-7DAE-4830-8F0D-D361AE946208}.Debug|Any CPU.Build.0 = Debug|Any CPU
		{A5D2A503-7DAE-4830-8F0D-D361AE946208}.Release|Any CPU.ActiveCfg = Release|Any CPU
		{A5D2A503-7DAE-4830-8F0D-D361AE946208}.Release|Any CPU.Build.0 = Release|Any CPU
	EndGlobalSection
	GlobalSection(SolutionProperties) = preSolution
		HideSolutionNode = FALSE
	EndGlobalSection
EndGlobal
